// !$*UTF8*$!
{
	archiveVersion = 1;
	classes = {
	};
	objectVersion = 46;
	objects = {

/* Begin PBXBuildFile section */
		BC3587201BE200AB00E8C2AC /* SwiftyJSON.swift in Sources */ = {isa = PBXBuildFile; fileRef = BC35871F1BE200AB00E8C2AC /* SwiftyJSON.swift */; };
		BCF05D9B1BC5230E00A7991C /* AppDelegate.swift in Sources */ = {isa = PBXBuildFile; fileRef = BCF05D9A1BC5230E00A7991C /* AppDelegate.swift */; };
		BCF05D9D1BC5230E00A7991C /* ViewController.swift in Sources */ = {isa = PBXBuildFile; fileRef = BCF05D9C1BC5230E00A7991C /* ViewController.swift */; };
		BCF05DA01BC5230E00A7991C /* Main.storyboard in Resources */ = {isa = PBXBuildFile; fileRef = BCF05D9E1BC5230E00A7991C /* Main.storyboard */; };
		BCF05DA21BC5230E00A7991C /* Assets.xcassets in Resources */ = {isa = PBXBuildFile; fileRef = BCF05DA11BC5230E00A7991C /* Assets.xcassets */; };
		BCF05DA51BC5230E00A7991C /* LaunchScreen.storyboard in Resources */ = {isa = PBXBuildFile; fileRef = BCF05DA31BC5230E00A7991C /* LaunchScreen.storyboard */; };
/* End PBXBuildFile section */

/* Begin PBXFileReference section */
		BC35871F1BE200AB00E8C2AC /* SwiftyJSON.swift */ = {isa = PBXFileReference; fileEncoding = 4; lastKnownFileType = sourcecode.swift; path = SwiftyJSON.swift; sourceTree = "<group>"; };
		BCF05D971BC5230E00A7991C /* swiftpostjson.app */ = {isa = PBXFileReference; explicitFileType = wrapper.application; includeInIndex = 0; path = swiftpostjson.app; sourceTree = BUILT_PRODUCTS_DIR; };
		BCF05D9A1BC5230E00A7991C /* AppDelegate.swift */ = {isa = PBXFileReference; lastKnownFileType = sourcecode.swift; path = AppDelegate.swift; sourceTree = "<group>"; };
		BCF05D9C1BC5230E00A7991C /* ViewController.swift */ = {isa = PBXFileReference; lastKnownFileType = sourcecode.swift; path = ViewController.swift; sourceTree = "<group>"; };
		BCF05D9F1BC5230E00A7991C /* Base */ = {isa = PBXFileReference; lastKnownFileType = file.storyboard; name = Base; path = Base.lproj/Main.storyboard; sourceTree = "<group>"; };
		BCF05DA11BC5230E00A7991C /* Assets.xcassets */ = {isa = PBXFileReference; lastKnownFileType = folder.assetcatalog; path = Assets.xcassets; sourceTree = "<group>"; };
		BCF05DA41BC5230E00A7991C /* Base */ = {isa = PBXFileReference; lastKnownFileType = file.storyboard; name = Base; path = Base.lproj/LaunchScreen.storyboard; sourceTree = "<group>"; };
		BCF05DA61BC5230E00A7991C /* Info.plist */ = {isa = PBXFileReference; lastKnownFileType = text.plist.xml; path = Info.plist; sourceTree = "<group>"; };
/* End PBXFileReference section */

/* Begin PBXFrameworksBuildPhase section */
		BCF05D941BC5230E00A7991C /* Frameworks */ = {
			isa = PBXFrameworksBuildPhase;
			buildActionMask = 2147483647;
			files = (
			);
			runOnlyForDeploymentPostprocessing = 0;
		};
/* End PBXFrameworksBuildPhase section */

/* Begin PBXGroup section */
		BCF05D8E1BC5230E00A7991C = {
			isa = PBXGroup;
			children = (
				BCF05D991BC5230E00A7991C /* swiftpostjson */,
				BCF05D981BC5230E00A7991C /* Products */,
			);
			sourceTree = "<group>";
		};
		BCF05D981BC5230E00A7991C /* Products */ = {
			isa = PBXGroup;
			children = (
				BCF05D971BC5230E00A7991C /* swiftpostjson.app */,
			);
			name = Products;
			sourceTree = "<group>";
		};
		BCF05D991BC5230E00A7991C /* swiftpostjson */ = {
			isa = PBXGroup;
			children = (
				BCF05D9A1BC5230E00A7991C /* AppDelegate.swift */,
				BCF05D9C1BC5230E00A7991C /* ViewController.swift */,
				BC35871F1BE200AB00E8C2AC /* SwiftyJSON.swift */,
				BCF05D9E1BC5230E00A7991C /* Main.storyboard */,
				BCF05DA11BC5230E00A7991C /* Assets.xcassets */,
				BCF05DA31BC5230E00A7991C /* LaunchScreen.storyboard */,
				BCF05DA61BC5230E00A7991C /* Info.plist */,
			);
			path = swiftpostjson;
			sourceTree = "<group>";
		};
/* End PBXGroup section */

/* Begin PBXNativeTarget section */
		BCF05D961BC5230E00A7991C /* swiftpostjson */ = {
			isa = PBXNativeTarget;
			buildConfigurationList = BCF05DA91BC5230E00A7991C /* Build configuration list for PBXNativeTarget "swiftpostjson" */;
			buildPhases = (
				BCF05D931BC5230E00A7991C /* Sources */,
				BCF05D941BC5230E00A7991C /* Frameworks */,
				BCF05D951BC5230E00A7991C /* Resources */,
			);
			buildRules = (
			);
			dependencies = (
			);
			name = swiftpostjson;
			productName = swiftpostjson;
			productReference = BCF05D971BC5230E00A7991C /* swiftpostjson.app */;
			productType = "com.apple.product-type.application";
		};
/* End PBXNativeTarget section */

/* Begin PBXProject section */
		BCF05D8F1BC5230E00A7991C /* Project object */ = {
			isa = PBXProject;
			attributes = {
				LastUpgradeCheck = 0700;
				ORGANIZATIONNAME = "DevelopScripts LLC";
				TargetAttributes = {
					BCF05D961BC5230E00A7991C = {
						CreatedOnToolsVersion = 7.0.1;
					};
				};
			};
			buildConfigurationList = BCF05D921BC5230E00A7991C /* Build configuration list for PBXProject "swiftpostjson" */;
			compatibilityVersion = "Xcode 3.2";
			developmentRegion = English;
			hasScannedForEncodings = 0;
			knownRegions = (
				en,
				Base,
			);
			mainGroup = BCF05D8E1BC5230E00A7991C;
			productRefGroup = BCF05D981BC5230E00A7991C /* Products */;
			projectDirPath = "";
			projectRoot = "";
			targets = (
				BCF05D961BC5230E00A7991C /* swiftpostjson */,
			);
		};
/* End PBXProject section */

/* Begin PBXResourcesBuildPhase section */
		BCF05D951BC5230E00A7991C /* Resources */ = {
			isa = PBXResourcesBuildPhase;
			buildActionMask = 2147483647;
			files = (
				BCF05DA51BC5230E00A7991C /* LaunchScreen.storyboard in Resources */,
				BCF05DA21BC5230E00A7991C /* Assets.xcassets in Resources */,
				BCF05DA01BC5230E00A7991C /* Main.storyboard in Resources */,
			);
			runOnlyForDeploymentPostprocessing = 0;
		};
/* End PBXResourcesBuildPhase section */

/* Begin PBXSourcesBuildPhase section */
		BCF05D931BC5230E00A7991C /* Sources */ = {
			isa = PBXSourcesBuildPhase;
			buildActionMask = 2147483647;
			files = (
				BC3587201BE200AB00E8C2AC /* SwiftyJSON.swift in Sources */,
				BCF05D9D1BC5230E00A7991C /* ViewController.swift in Sources */,
				BCF05D9B1BC5230E00A7991C /* AppDelegate.swift in Sources */,
			);
			runOnlyForDeploymentPostprocessing = 0;
		};
/* End PBXSourcesBuildPhase section */

/* Begin PBXVariantGroup section */
		BCF05D9E1BC5230E00A7991C /* Main.storyboard */ = {
			isa = PBXVariantGroup;
			children = (
				BCF05D9F1BC5230E00A7991C /* Base */,
			);
			name = Main.storyboard;
			sourceTree = "<group>";
		};
		BCF05DA31BC5230E00A7991C /* LaunchScreen.storyboard */ = {
			isa = PBXVariantGroup;
			children = (
				BCF05DA41BC5230E00A7991C /* Base */,
			);
			name = LaunchScreen.storyboard;
			sourceTree = "<group>";
		};
/* End PBXVariantGroup section */

/* Begin XCBuildConfiguration section */
		BCF05DA71BC5230E00A7991C /* Debug */ = {
			isa = XCBuildConfiguration;
			buildSettings = {
				ALWAYS_SEARCH_USER_PATHS = NO;
				CLANG_CXX_LANGUAGE_STANDARD = "gnu++0x";
				CLANG_CXX_LIBRARY = "libc++";
				CLANG_ENABLE_MODULES = YES;
				CLANG_ENABLE_OBJC_ARC = YES;
				CLANG_WARN_BOOL_CONVERSION = YES;
				CLANG_WARN_CONSTANT_CONVERSION = YES;
				CLANG_WARN_DIRECT_OBJC_ISA_USAGE = YES_ERROR;
				CLANG_WARN_EMPTY_BODY = YES;
				CLANG_WARN_ENUM_CONVERSION = YES;
				CLANG_WARN_INT_CONVERSION = YES;
				CLANG_WARN_OBJC_ROOT_CLASS = YES_ERROR;
				CLANG_WARN_UNREACHABLE_CODE = YES;
				CLANG_WARN__DUPLICATE_METHOD_MATCH = YES;
				"CODE_SIGN_IDENTITY[sdk=iphoneos*]" = "iPhone Developer";
				COPY_PHASE_STRIP = NO;
				DEBUG_INFORMATION_FORMAT = dwarf;
				ENABLE_STRICT_OBJC_MSGSEND = YES;
				ENABLE_TESTABILITY = YES;
				GCC_C_LANGUAGE_STANDARD = gnu99;
				GCC_DYNAMIC_NO_PIC = NO;
				GCC_NO_COMMON_BLOCKS = YES;
				GCC_OPTIMIZATION_LEVEL = 0;
				GCC_PREPROCESSOR_DEFINITIONS = (
					"DEBUG=1",
					"$(inherited)",
				);
				GCC_WARN_64_TO_32_BIT_CONVERSION = YES;
				GCC_WARN_ABOUT_RETURN_TYPE = YES_ERROR;
				GCC_WARN_UNDECLARED_SELECTOR = YES;
				GCC_WARN_UNINITIALIZED_AUTOS = YES_AGGRESSIVE;
				GCC_WARN_UNUSED_FUNCTION = YES;
				GCC_WARN_UNUSED_VARIABLE = YES;
				IPHONEOS_DEPLOYMENT_TARGET = 9.0;
				MTL_ENABLE_DEBUG_INFO = YES;
				ONLY_ACTIVE_ARCH = YES;
				SDKROOT = iphoneos;
				SWIFT_OPTIMIZATION_LEVEL = "-Onone";
				TARGETED_DEVICE_FAMILY = "1,2";
			};
			name = Debug;
		};
		BCF05DA81BC5230E00A7991C /* Release */ = {
			isa = XCBuildConfiguration;
			buildSettings = {
				ALWAYS_SEARCH_USER_PATHS = NO;
				CLANG_CXX_LANGUAGE_STANDARD = "gnu++0x";
				CLANG_CXX_LIBRARY = "libc++";
				CLANG_ENABLE_MODULES = YES;
				CLANG_ENABLE_OBJC_ARC = YES;
				CLANG_WARN_BOOL_CONVERSION = YES;
				CLANG_WARN_CONSTANT_CONVERSION = YES;
				CLANG_WARN_DIRECT_OBJC_ISA_USAGE = YES_ERROR;
				CLANG_WARN_EMPTY_BODY = YES;
				CLANG_WARN_ENUM_CONVERSION = YES;
				CLANG_WARN_INT_CONVERSION = YES;
				CLANG_WARN_OBJC_ROOT_CLASS = YES_ERROR;
				CLANG_WARN_UNREACHABLE_CODE = YES;
				CLANG_WARN__DUPLICATE_METHOD_MATCH = YES;
				"CODE_SIGN_IDENTITY[sdk=iphoneos*]" = "iPhone Developer";
				COPY_PHASE_STRIP = NO;
				DEBUG_INFORMATION_FORMAT = "dwarf-with-dsym";
				ENABLE_NS_ASSERTIONS = NO;
				ENABLE_STRICT_OBJC_MSGSEND = YES;
				GCC_C_LANGUAGE_STANDARD = gnu99;
				GCC_NO_COMMON_BLOCKS = YES;
				GCC_WARN_64_TO_32_BIT_CONVERSION = YES;
				GCC_WARN_ABOUT_RETURN_TYPE = YES_ERROR;
				GCC_WARN_UNDECLARED_SELECTOR = YES;
				GCC_WARN_UNINITIALIZED_AUTOS = YES_AGGRESSIVE;
				GCC_WARN_UNUSED_FUNCTION = YES;
				GCC_WARN_UNUSED_VARIABLE = YES;
				IPHONEOS_DEPLOYMENT_TARGET = 9.0;
				MTL_ENABLE_DEBUG_INFO = NO;
				SDKROOT = iphoneos;
				TARGETED_DEVICE_FAMILY = "1,2";
				VALIDATE_PRODUCT = YES;
			};
			name = Release;
		};
		BCF05DAA1BC5230E00A7991C /* Debug */ = {
			isa = XCBuildConfiguration;
			buildSettings = {
				ASSETCATALOG_COMPILER_APPICON_NAME = AppIcon;
				INFOPLIST_FILE = swiftpostjson/Info.plist;
				IPHONEOS_DEPLOYMENT_TARGET = 8.4;
				LD_RUNPATH_SEARCH_PATHS = "$(inherited) @executable_path/Frameworks";
				PRODUCT_BUNDLE_IDENTIFIER = com.valla.swiftpostjson;
				PRODUCT_NAME = swiftpostjson;
				TARGETED_DEVICE_FAMILY = "1,2";
			};
			name = Debug;
		};
		BCF05DAB1BC5230E00A7991C /* Release */ = {
			isa = XCBuildConfiguration;
			buildSettings = {
				ASSETCATALOG_COMPILER_APPICON_NAME = AppIcon;
				INFOPLIST_FILE = swiftpostjson/Info.plist;
				IPHONEOS_DEPLOYMENT_TARGET = 8.4;
				LD_RUNPATH_SEARCH_PATHS = "$(inherited) @executable_path/Frameworks";
				PRODUCT_BUNDLE_IDENTIFIER = com.valla.swiftpostjson;
				PRODUCT_NAME = swiftpostjson;
				TARGETED_DEVICE_FAMILY = "1,2";
			};
			name = Release;
		};
/* End XCBuildConfiguration section */

/* Begin XCConfigurationList section */
		BCF05D921BC5230E00A7991C /* Build configuration list for PBXProject "swiftpostjson" */ = {
			isa = XCConfigurationList;
			buildConfigurations = (
				BCF05DA71BC5230E00A7991C /* Debug */,
				BCF05DA81BC5230E00A7991C /* Release */,
			);
			defaultConfigurationIsVisible = 0;
			defaultConfigurationName = Release;
		};
		BCF05DA91BC5230E00A7991C /* Build configuration list for PBXNativeTarget "swiftpostjson" */ = {
			isa = XCConfigurationList;
			buildConfigurations = (
				BCF05DAA1BC5230E00A7991C /* Debug */,
				BCF05DAB1BC5230E00A7991C /* Release */,
			);
			defaultConfigurationIsVisible = 0;
			defaultConfigurationName = Release;
		};
/* End XCConfigurationList section */
	};
	rootObject = BCF05D8F1BC5230E00A7991C /* Project object */;
}
